
Microsoft Visual Studio Solution File, Format Version 12.00
# Visual Studio Version 16
VisualStudioVersion = 16.0.29613.14
MinimumVisualStudioVersion = 10.0.40219.1
Project("{F184B08F-C81C-45F6-A57F-5ABD9991F28F}") = "Test", "Test.vbproj", "{C3CC3959-06E1-444D-9A3D-9C8ED79EF7A4}"
EndProject
Global
	GlobalSection(SolutionConfigurationPlatforms) = preSolution
		Debug|Any CPU = Debug|Any CPU
		Release|Any CPU = Release|Any CPU
	EndGlobalSection
	GlobalSection(ProjectConfigurationPlatforms) = postSolution
		{C3CC3959-06E1-444D-9A3D-9C8ED79EF7A4}.Debug|Any CPU.ActiveCfg = Debug|Any CPU
		{C3CC3959-06E1-444D-9A3D-9C8ED79EF7A4}.Debug|Any CPU.Build.0 = Debug|Any CPU
		{C3CC3959-06E1-444D-9A3D-9C8ED79EF7A4}.Release|Any CPU.ActiveCfg = Release|Any CPU
		{C3CC3959-06E1-444D-9A3D-9C8ED79EF7A4}.Release|Any CPU.Build.0 = Release|Any CPU
	EndGlobalSection
	GlobalSection(SolutionProperties) = preSolution
		HideSolutionNode = FALSE
	EndGlobalSection
	GlobalSection(ExtensibilityGlobals) = postSolution
		SolutionGuid = {446FF616-9632-42DC-83F5-86C0BFCFE901}
	EndGlobalSection
EndGlobal
